
Microsoft Visual Studio Solution File, Format Version 12.00
# Visual Studio Version 17
VisualStudioVersion = 17.14.36603.0 d17.14
MinimumVisualStudioVersion = 10.0.40219.1
Project("{FAE04EC0-301F-11D3-BF4B-00C04F79EFBC}") = "OllamaChat", "OllamaChat.csproj", "{2371EF6C-4F33-43AC-94DA-7B34BAFB5C50}"
EndProject
Global
	GlobalSection(SolutionConfigurationPlatforms) = preSolution
		Debug|Any CPU = Debug|Any CPU
		Release|Any CPU = Release|Any CPU
	EndGlobalSection
	GlobalSection(ProjectConfigurationPlatforms) = postSolution
		{2371EF6C-4F33-43AC-94DA-7B34BAFB5C50}.Debug|Any CPU.ActiveCfg = Debug|Any CPU
		{2371EF6C-4F33-43AC-94DA-7B34BAFB5C50}.Debug|Any CPU.Build.0 = Debug|Any CPU
		{2371EF6C-4F33-43AC-94DA-7B34BAFB5C50}.Release|Any CPU.ActiveCfg = Release|Any CPU
		{2371EF6C-4F33-43AC-94DA-7B34BAFB5C50}.Release|Any CPU.Build.0 = Release|Any CPU
	EndGlobalSection
	GlobalSection(SolutionProperties) = preSolution
		HideSolutionNode = FALSE
	EndGlobalSection
	GlobalSection(ExtensibilityGlobals) = postSolution
		SolutionGuid = {7F3DC7C8-BF81-414B-8B77-235336202C4B}
	EndGlobalSection
EndGlobal
